
Microsoft Visual Studio Solution File, Format Version 12.00
# Visual Studio Version 16
VisualStudioVersion = 16.0.31729.503
MinimumVisualStudioVersion = 10.0.40219.1
Project("{FAE04EC0-301F-11D3-BF4B-00C04F79EFBC}") = "PrjOutbound", "PrjOutbound\PrjOutbound.csproj", "{8F4E434C-B390-47A8-9E4B-3E7276CC78AE}"
EndProject
Global
	GlobalSection(SolutionConfigurationPlatforms) = preSolution
		Debug|Any CPU = Debug|Any CPU
		Release|Any CPU = Release|Any CPU
	EndGlobalSection
	GlobalSection(ProjectConfigurationPlatforms) = postSolution
		{8F4E434C-B390-47A8-9E4B-3E7276CC78AE}.Debug|Any CPU.ActiveCfg = Debug|Any CPU
		{8F4E434C-B390-47A8-9E4B-3E7276CC78AE}.Debug|Any CPU.Build.0 = Debug|Any CPU
		{8F4E434C-B390-47A8-9E4B-3E7276CC78AE}.Release|Any CPU.ActiveCfg = Release|Any CPU
		{8F4E434C-B390-47A8-9E4B-3E7276CC78AE}.Release|Any CPU.Build.0 = Release|Any CPU
	EndGlobalSection
	GlobalSection(SolutionProperties) = preSolution
		HideSolutionNode = FALSE
	EndGlobalSection
	GlobalSection(ExtensibilityGlobals) = postSolution
		SolutionGuid = {3B684FB7-871E-4EE5-8AC2-975418503CB8}
	EndGlobalSection
EndGlobal
